// !$*UTF8*$!
{
	archiveVersion = 1;
	classes = {
	};
	objectVersion = 52;
	objects = {

/* Begin PBXBuildFile section */
		6BC0A92EE2BB658920AEEDEF /* Pods_Prop.framework in Frameworks */ = {isa = PBXBuildFile; fileRef = BD741F2A6A40EF011A3DE355 /* Pods_Prop.framework */; };
		90215F31249B264D00082D45 /* Techno.json in Resources */ = {isa = PBXBuildFile; fileRef = 90215F30249B264D00082D45 /* Techno.json */; };
		90215F34249B268300082D45 /* Lottie in Frameworks */ = {isa = PBXBuildFile; productRef = 90215F33249B268300082D45 /* Lottie */; };
		90215F36249B269900082D45 /* LottieView.swift in Sources */ = {isa = PBXBuildFile; fileRef = 90215F35249B269900082D45 /* LottieView.swift */; };
		90215F3A249B281100082D45 /* LoadingView.swift in Sources */ = {isa = PBXBuildFile; fileRef = 90215F39249B281100082D45 /* LoadingView.swift */; };
		90215F3C249B28FC00082D45 /* loading.json in Resources */ = {isa = PBXBuildFile; fileRef = 90215F3B249B28FC00082D45 /* loading.json */; };
		90215F3E249B299500082D45 /* SuccessView.swift in Sources */ = {isa = PBXBuildFile; fileRef = 90215F3D249B299500082D45 /* SuccessView.swift */; };
		90215F40249B2D3600082D45 /* GoogleService-Info.plist in Resources */ = {isa = PBXBuildFile; fileRef = 90215F3F249B2D3600082D45 /* GoogleService-Info.plist */; };
		90215F42249B309600082D45 /* UserStore.swift in Sources */ = {isa = PBXBuildFile; fileRef = 90215F41249B309600082D45 /* UserStore.swift */; };
		90215F44249B33E900082D45 /* HomeView.swift in Sources */ = {isa = PBXBuildFile; fileRef = 90215F43249B33E900082D45 /* HomeView.swift */; };
		9035EEC724A43B3000A95408 /* SignupView.swift in Sources */ = {isa = PBXBuildFile; fileRef = 9035EEC624A43B3000A95408 /* SignupView.swift */; };
		906DDB64249D87BC00A687BD /* SettingsView.swift in Sources */ = {isa = PBXBuildFile; fileRef = 906DDB63249D87BC00A687BD /* SettingsView.swift */; };
		90B5B51D249AD7FC00342216 /* AppDelegate.swift in Sources */ = {isa = PBXBuildFile; fileRef = 90B5B51C249AD7FC00342216 /* AppDelegate.swift */; };
		90B5B51F249AD7FC00342216 /* SceneDelegate.swift in Sources */ = {isa = PBXBuildFile; fileRef = 90B5B51E249AD7FC00342216 /* SceneDelegate.swift */; };
		90B5B521249AD7FC00342216 /* ContentView.swift in Sources */ = {isa = PBXBuildFile; fileRef = 90B5B520249AD7FC00342216 /* ContentView.swift */; };
		90B5B523249AD7FD00342216 /* Assets.xcassets in Resources */ = {isa = PBXBuildFile; fileRef = 90B5B522249AD7FD00342216 /* Assets.xcassets */; };
		90B5B526249AD7FD00342216 /* Preview Assets.xcassets in Resources */ = {isa = PBXBuildFile; fileRef = 90B5B525249AD7FD00342216 /* Preview Assets.xcassets */; };
		90B5B529249AD7FD00342216 /* LaunchScreen.storyboard in Resources */ = {isa = PBXBuildFile; fileRef = 90B5B527249AD7FD00342216 /* LaunchScreen.storyboard */; };
		90B5B531249ADF7400342216 /* LoginView.swift in Sources */ = {isa = PBXBuildFile; fileRef = 90B5B530249ADF7400342216 /* LoginView.swift */; };
		90B5B533249AE40B00342216 /* BlurView.swift in Sources */ = {isa = PBXBuildFile; fileRef = 90B5B532249AE40B00342216 /* BlurView.swift */; };
		90C15361249EC8FE00485A63 /* ComposeView.swift in Sources */ = {isa = PBXBuildFile; fileRef = 90C15360249EC8FE00485A63 /* ComposeView.swift */; };
		90C15363249ECD7500485A63 /* TextView.swift in Sources */ = {isa = PBXBuildFile; fileRef = 90C15362249ECD7500485A63 /* TextView.swift */; };
		90C1536B249F04B500485A63 /* DataStore.swift in Sources */ = {isa = PBXBuildFile; fileRef = 90C1536A249F04B500485A63 /* DataStore.swift */; };
		90D87AEA24A687BA00E912A7 /* CustomTextField.swift in Sources */ = {isa = PBXBuildFile; fileRef = 90D87AE924A687BA00E912A7 /* CustomTextField.swift */; };
		90FF859824A05BC100191F2D /* SearchView.swift in Sources */ = {isa = PBXBuildFile; fileRef = 90FF859724A05BC100191F2D /* SearchView.swift */; };
/* End PBXBuildFile section */

/* Begin PBXFileReference section */
		49B20A0A2E63E0EF67793A5D /* Pods-Prop.release.xcconfig */ = {isa = PBXFileReference; includeInIndex = 1; lastKnownFileType = text.xcconfig; name = "Pods-Prop.release.xcconfig"; path = "Target Support Files/Pods-Prop/Pods-Prop.release.xcconfig"; sourceTree = "<group>"; };
		90215F30249B264D00082D45 /* Techno.json */ = {isa = PBXFileReference; fileEncoding = 4; lastKnownFileType = text.json; path = Techno.json; sourceTree = "<group>"; };
		90215F35249B269900082D45 /* LottieView.swift */ = {isa = PBXFileReference; lastKnownFileType = sourcecode.swift; path = LottieView.swift; sourceTree = "<group>"; };
		90215F39249B281100082D45 /* LoadingView.swift */ = {isa = PBXFileReference; lastKnownFileType = sourcecode.swift; path = LoadingView.swift; sourceTree = "<group>"; };
		90215F3B249B28FC00082D45 /* loading.json */ = {isa = PBXFileReference; fileEncoding = 4; lastKnownFileType = text.json; path = loading.json; sourceTree = "<group>"; };
		90215F3D249B299500082D45 /* SuccessView.swift */ = {isa = PBXFileReference; lastKnownFileType = sourcecode.swift; path = SuccessView.swift; sourceTree = "<group>"; };
		90215F3F249B2D3600082D45 /* GoogleService-Info.plist */ = {isa = PBXFileReference; fileEncoding = 4; lastKnownFileType = text.plist.xml; path = "GoogleService-Info.plist"; sourceTree = "<group>"; };
		90215F41249B309600082D45 /* UserStore.swift */ = {isa = PBXFileReference; lastKnownFileType = sourcecode.swift; path = UserStore.swift; sourceTree = "<group>"; };
		90215F43249B33E900082D45 /* HomeView.swift */ = {isa = PBXFileReference; lastKnownFileType = sourcecode.swift; path = HomeView.swift; sourceTree = "<group>"; };
		90298B3D24A1BD620091FE84 /* Prop.entitlements */ = {isa = PBXFileReference; lastKnownFileType = text.plist.entitlements; path = Prop.entitlements; sourceTree = "<group>"; };
		9035EEC624A43B3000A95408 /* SignupView.swift */ = {isa = PBXFileReference; lastKnownFileType = sourcecode.swift; path = SignupView.swift; sourceTree = "<group>"; };
		906DDB63249D87BC00A687BD /* SettingsView.swift */ = {isa = PBXFileReference; lastKnownFileType = sourcecode.swift; path = SettingsView.swift; sourceTree = "<group>"; };
		90B5B519249AD7FC00342216 /* Prop.app */ = {isa = PBXFileReference; explicitFileType = wrapper.application; includeInIndex = 0; path = Prop.app; sourceTree = BUILT_PRODUCTS_DIR; };
		90B5B51C249AD7FC00342216 /* AppDelegate.swift */ = {isa = PBXFileReference; lastKnownFileType = sourcecode.swift; path = AppDelegate.swift; sourceTree = "<group>"; };
		90B5B51E249AD7FC00342216 /* SceneDelegate.swift */ = {isa = PBXFileReference; lastKnownFileType = sourcecode.swift; path = SceneDelegate.swift; sourceTree = "<group>"; };
		90B5B520249AD7FC00342216 /* ContentView.swift */ = {isa = PBXFileReference; lastKnownFileType = sourcecode.swift; path = ContentView.swift; sourceTree = "<group>"; };
		90B5B522249AD7FD00342216 /* Assets.xcassets */ = {isa = PBXFileReference; lastKnownFileType = folder.assetcatalog; path = Assets.xcassets; sourceTree = "<group>"; };
		90B5B525249AD7FD00342216 /* Preview Assets.xcassets */ = {isa = PBXFileReference; lastKnownFileType = folder.assetcatalog; path = "Preview Assets.xcassets"; sourceTree = "<group>"; };
		90B5B528249AD7FD00342216 /* Base */ = {isa = PBXFileReference; lastKnownFileType = file.storyboard; name = Base; path = Base.lproj/LaunchScreen.storyboard; sourceTree = "<group>"; };
		90B5B52A249AD7FD00342216 /* Info.plist */ = {isa = PBXFileReference; lastKnownFileType = text.plist.xml; path = Info.plist; sourceTree = "<group>"; };
		90B5B530249ADF7400342216 /* LoginView.swift */ = {isa = PBXFileReference; lastKnownFileType = sourcecode.swift; path = LoginView.swift; sourceTree = "<group>"; };
		90B5B532249AE40B00342216 /* BlurView.swift */ = {isa = PBXFileReference; lastKnownFileType = sourcecode.swift; path = BlurView.swift; sourceTree = "<group>"; };
		90C15360249EC8FE00485A63 /* ComposeView.swift */ = {isa = PBXFileReference; lastKnownFileType = sourcecode.swift; path = ComposeView.swift; sourceTree = "<group>"; };
		90C15362249ECD7500485A63 /* TextView.swift */ = {isa = PBXFileReference; lastKnownFileType = sourcecode.swift; path = TextView.swift; sourceTree = "<group>"; };
		90C1536A249F04B500485A63 /* DataStore.swift */ = {isa = PBXFileReference; lastKnownFileType = sourcecode.swift; path = DataStore.swift; sourceTree = "<group>"; };
		90D87AE924A687BA00E912A7 /* CustomTextField.swift */ = {isa = PBXFileReference; lastKnownFileType = sourcecode.swift; path = CustomTextField.swift; sourceTree = "<group>"; };
		90FF859724A05BC100191F2D /* SearchView.swift */ = {isa = PBXFileReference; lastKnownFileType = sourcecode.swift; path = SearchView.swift; sourceTree = "<group>"; };
		BD741F2A6A40EF011A3DE355 /* Pods_Prop.framework */ = {isa = PBXFileReference; explicitFileType = wrapper.framework; includeInIndex = 0; path = Pods_Prop.framework; sourceTree = BUILT_PRODUCTS_DIR; };
		DE8413250F7F8270DC39982B /* Pods-Prop.debug.xcconfig */ = {isa = PBXFileReference; includeInIndex = 1; lastKnownFileType = text.xcconfig; name = "Pods-Prop.debug.xcconfig"; path = "Target Support Files/Pods-Prop/Pods-Prop.debug.xcconfig"; sourceTree = "<group>"; };
/* End PBXFileReference section */

/* Begin PBXFrameworksBuildPhase section */
		90B5B516249AD7FC00342216 /* Frameworks */ = {
			isa = PBXFrameworksBuildPhase;
			buildActionMask = 2147483647;
			files = (
				90215F34249B268300082D45 /* Lottie in Frameworks */,
				6BC0A92EE2BB658920AEEDEF /* Pods_Prop.framework in Frameworks */,
			);
			runOnlyForDeploymentPostprocessing = 0;
		};
/* End PBXFrameworksBuildPhase section */

/* Begin PBXGroup section */
		2844E50A8AEA7CADD6F6E539 /* Frameworks */ = {
			isa = PBXGroup;
			children = (
				BD741F2A6A40EF011A3DE355 /* Pods_Prop.framework */,
			);
			name = Frameworks;
			sourceTree = "<group>";
		};
		6CC70FFE56901E3B46D1E590 /* Pods */ = {
			isa = PBXGroup;
			children = (
				DE8413250F7F8270DC39982B /* Pods-Prop.debug.xcconfig */,
				49B20A0A2E63E0EF67793A5D /* Pods-Prop.release.xcconfig */,
			);
			path = Pods;
			sourceTree = "<group>";
		};
		90215F2F249B261D00082D45 /* Lottie */ = {
			isa = PBXGroup;
			children = (
				90215F3B249B28FC00082D45 /* loading.json */,
				90215F30249B264D00082D45 /* Techno.json */,
			);
			path = Lottie;
			sourceTree = "<group>";
		};
		90215F38249B26B400082D45 /* Utilities */ = {
			isa = PBXGroup;
			children = (
				90B5B532249AE40B00342216 /* BlurView.swift */,
				90215F35249B269900082D45 /* LottieView.swift */,
				90C15362249ECD7500485A63 /* TextView.swift */,
				90215F41249B309600082D45 /* UserStore.swift */,
				90C1536A249F04B500485A63 /* DataStore.swift */,
				90D87AE924A687BA00E912A7 /* CustomTextField.swift */,
			);
			path = Utilities;
			sourceTree = "<group>";
		};
		90B5B510249AD7FC00342216 = {
			isa = PBXGroup;
			children = (
				90B5B51B249AD7FC00342216 /* Prop */,
				90B5B51A249AD7FC00342216 /* Products */,
				6CC70FFE56901E3B46D1E590 /* Pods */,
				2844E50A8AEA7CADD6F6E539 /* Frameworks */,
			);
			sourceTree = "<group>";
		};
		90B5B51A249AD7FC00342216 /* Products */ = {
			isa = PBXGroup;
			children = (
				90B5B519249AD7FC00342216 /* Prop.app */,
			);
			name = Products;
			sourceTree = "<group>";
		};
		90B5B51B249AD7FC00342216 /* Prop */ = {
			isa = PBXGroup;
			children = (
				90298B3D24A1BD620091FE84 /* Prop.entitlements */,
				90B5B51C249AD7FC00342216 /* AppDelegate.swift */,
				90B5B51E249AD7FC00342216 /* SceneDelegate.swift */,
				90B5B520249AD7FC00342216 /* ContentView.swift */,
				90B5B530249ADF7400342216 /* LoginView.swift */,
				9035EEC624A43B3000A95408 /* SignupView.swift */,
				90215F43249B33E900082D45 /* HomeView.swift */,
				906DDB63249D87BC00A687BD /* SettingsView.swift */,
				90C15360249EC8FE00485A63 /* ComposeView.swift */,
				90FF859724A05BC100191F2D /* SearchView.swift */,
				90215F39249B281100082D45 /* LoadingView.swift */,
				90215F3D249B299500082D45 /* SuccessView.swift */,
				90215F38249B26B400082D45 /* Utilities */,
				90B5B522249AD7FD00342216 /* Assets.xcassets */,
				90215F3F249B2D3600082D45 /* GoogleService-Info.plist */,
				90215F2F249B261D00082D45 /* Lottie */,
				90B5B527249AD7FD00342216 /* LaunchScreen.storyboard */,
				90B5B52A249AD7FD00342216 /* Info.plist */,
				90B5B524249AD7FD00342216 /* Preview Content */,
			);
			path = Prop;
			sourceTree = "<group>";
		};
		90B5B524249AD7FD00342216 /* Preview Content */ = {
			isa = PBXGroup;
			children = (
				90B5B525249AD7FD00342216 /* Preview Assets.xcassets */,
			);
			path = "Preview Content";
			sourceTree = "<group>";
		};
/* End PBXGroup section */

/* Begin PBXNativeTarget section */
		90B5B518249AD7FC00342216 /* Prop */ = {
			isa = PBXNativeTarget;
			buildConfigurationList = 90B5B52D249AD7FD00342216 /* Build configuration list for PBXNativeTarget "Prop" */;
			buildPhases = (
				4EA39211B5A86175C70A057A /* [CP] Check Pods Manifest.lock */,
				90B5B515249AD7FC00342216 /* Sources */,
				90B5B516249AD7FC00342216 /* Frameworks */,
				90B5B517249AD7FC00342216 /* Resources */,
				DDCA227D35E844E0EDB38AED /* [CP] Embed Pods Frameworks */,
			);
			buildRules = (
			);
			dependencies = (
			);
			name = Prop;
			packageProductDependencies = (
				90215F33249B268300082D45 /* Lottie */,
			);
			productName = Prop;
			productReference = 90B5B519249AD7FC00342216 /* Prop.app */;
			productType = "com.apple.product-type.application";
		};
/* End PBXNativeTarget section */

/* Begin PBXProject section */
		90B5B511249AD7FC00342216 /* Project object */ = {
			isa = PBXProject;
			attributes = {
				LastSwiftUpdateCheck = 1150;
				LastUpgradeCheck = 1150;
				ORGANIZATIONNAME = nomadjonno;
				TargetAttributes = {
					90B5B518249AD7FC00342216 = {
						CreatedOnToolsVersion = 11.5;
					};
				};
			};
			buildConfigurationList = 90B5B514249AD7FC00342216 /* Build configuration list for PBXProject "Prop" */;
			compatibilityVersion = "Xcode 9.3";
			developmentRegion = en;
			hasScannedForEncodings = 0;
			knownRegions = (
				en,
				Base,
			);
			mainGroup = 90B5B510249AD7FC00342216;
			packageReferences = (
				90215F32249B268300082D45 /* XCRemoteSwiftPackageReference "lottie-ios" */,
			);
			productRefGroup = 90B5B51A249AD7FC00342216 /* Products */;
			projectDirPath = "";
			projectRoot = "";
			targets = (
				90B5B518249AD7FC00342216 /* Prop */,
			);
		};
/* End PBXProject section */

/* Begin PBXResourcesBuildPhase section */
		90B5B517249AD7FC00342216 /* Resources */ = {
			isa = PBXResourcesBuildPhase;
			buildActionMask = 2147483647;
			files = (
				90215F31249B264D00082D45 /* Techno.json in Resources */,
				90B5B529249AD7FD00342216 /* LaunchScreen.storyboard in Resources */,
				90B5B526249AD7FD00342216 /* Preview Assets.xcassets in Resources */,
				90B5B523249AD7FD00342216 /* Assets.xcassets in Resources */,
				90215F3C249B28FC00082D45 /* loading.json in Resources */,
				90215F40249B2D3600082D45 /* GoogleService-Info.plist in Resources */,
			);
			runOnlyForDeploymentPostprocessing = 0;
		};
/* End PBXResourcesBuildPhase section */

/* Begin PBXShellScriptBuildPhase section */
		4EA39211B5A86175C70A057A /* [CP] Check Pods Manifest.lock */ = {
			isa = PBXShellScriptBuildPhase;
			buildActionMask = 2147483647;
			files = (
			);
			inputFileListPaths = (
			);
			inputPaths = (
				"${PODS_PODFILE_DIR_PATH}/Podfile.lock",
				"${PODS_ROOT}/Manifest.lock",
			);
			name = "[CP] Check Pods Manifest.lock";
			outputFileListPaths = (
			);
			outputPaths = (
				"$(DERIVED_FILE_DIR)/Pods-Prop-checkManifestLockResult.txt",
			);
			runOnlyForDeploymentPostprocessing = 0;
			shellPath = /bin/sh;
			shellScript = "diff \"${PODS_PODFILE_DIR_PATH}/Podfile.lock\" \"${PODS_ROOT}/Manifest.lock\" > /dev/null\nif [ $? != 0 ] ; then\n    # print error to STDERR\n    echo \"error: The sandbox is not in sync with the Podfile.lock. Run 'pod install' or update your CocoaPods installation.\" >&2\n    exit 1\nfi\n# This output is used by Xcode 'outputs' to avoid re-running this script phase.\necho \"SUCCESS\" > \"${SCRIPT_OUTPUT_FILE_0}\"\n";
			showEnvVarsInLog = 0;
		};
		DDCA227D35E844E0EDB38AED /* [CP] Embed Pods Frameworks */ = {
			isa = PBXShellScriptBuildPhase;
			buildActionMask = 2147483647;
			files = (
			);
			inputFileListPaths = (
				"${PODS_ROOT}/Target Support Files/Pods-Prop/Pods-Prop-frameworks-${CONFIGURATION}-input-files.xcfilelist",
			);
			name = "[CP] Embed Pods Frameworks";
			outputFileListPaths = (
				"${PODS_ROOT}/Target Support Files/Pods-Prop/Pods-Prop-frameworks-${CONFIGURATION}-output-files.xcfilelist",
			);
			runOnlyForDeploymentPostprocessing = 0;
			shellPath = /bin/sh;
			shellScript = "\"${PODS_ROOT}/Target Support Files/Pods-Prop/Pods-Prop-frameworks.sh\"\n";
			showEnvVarsInLog = 0;
		};
/* End PBXShellScriptBuildPhase section */

/* Begin PBXSourcesBuildPhase section */
		90B5B515249AD7FC00342216 /* Sources */ = {
			isa = PBXSourcesBuildPhase;
			buildActionMask = 2147483647;
			files = (
				90215F3E249B299500082D45 /* SuccessView.swift in Sources */,
				90B5B51D249AD7FC00342216 /* AppDelegate.swift in Sources */,
				90B5B51F249AD7FC00342216 /* SceneDelegate.swift in Sources */,
				90C15363249ECD7500485A63 /* TextView.swift in Sources */,
				90215F44249B33E900082D45 /* HomeView.swift in Sources */,
				90B5B533249AE40B00342216 /* BlurView.swift in Sources */,
				90B5B531249ADF7400342216 /* LoginView.swift in Sources */,
				90C1536B249F04B500485A63 /* DataStore.swift in Sources */,
				90D87AEA24A687BA00E912A7 /* CustomTextField.swift in Sources */,
				90B5B521249AD7FC00342216 /* ContentView.swift in Sources */,
				90215F42249B309600082D45 /* UserStore.swift in Sources */,
				90FF859824A05BC100191F2D /* SearchView.swift in Sources */,
				90215F3A249B281100082D45 /* LoadingView.swift in Sources */,
				9035EEC724A43B3000A95408 /* SignupView.swift in Sources */,
				90C15361249EC8FE00485A63 /* ComposeView.swift in Sources */,
				90215F36249B269900082D45 /* LottieView.swift in Sources */,
				906DDB64249D87BC00A687BD /* SettingsView.swift in Sources */,
			);
			runOnlyForDeploymentPostprocessing = 0;
		};
/* End PBXSourcesBuildPhase section */

/* Begin PBXVariantGroup section */
		90B5B527249AD7FD00342216 /* LaunchScreen.storyboard */ = {
			isa = PBXVariantGroup;
			children = (
				90B5B528249AD7FD00342216 /* Base */,
			);
			name = LaunchScreen.storyboard;
			sourceTree = "<group>";
		};
/* End PBXVariantGroup section */

/* Begin XCBuildConfiguration section */
		90B5B52B249AD7FD00342216 /* Debug */ = {
			isa = XCBuildConfiguration;
			buildSettings = {
				ALWAYS_SEARCH_USER_PATHS = NO;
				CLANG_ANALYZER_NONNULL = YES;
				CLANG_ANALYZER_NUMBER_OBJECT_CONVERSION = YES_AGGRESSIVE;
				CLANG_CXX_LANGUAGE_STANDARD = "gnu++14";
				CLANG_CXX_LIBRARY = "libc++";
				CLANG_ENABLE_MODULES = YES;
				CLANG_ENABLE_OBJC_ARC = YES;
				CLANG_ENABLE_OBJC_WEAK = YES;
				CLANG_WARN_BLOCK_CAPTURE_AUTORELEASING = YES;
				CLANG_WARN_BOOL_CONVERSION = YES;
				CLANG_WARN_COMMA = YES;
				CLANG_WARN_CONSTANT_CONVERSION = YES;
				CLANG_WARN_DEPRECATED_OBJC_IMPLEMENTATIONS = YES;
				CLANG_WARN_DIRECT_OBJC_ISA_USAGE = YES_ERROR;
				CLANG_WARN_DOCUMENTATION_COMMENTS = YES;
				CLANG_WARN_EMPTY_BODY = YES;
				CLANG_WARN_ENUM_CONVERSION = YES;
				CLANG_WARN_INFINITE_RECURSION = YES;
				CLANG_WARN_INT_CONVERSION = YES;
				CLANG_WARN_NON_LITERAL_NULL_CONVERSION = YES;
				CLANG_WARN_OBJC_IMPLICIT_RETAIN_SELF = YES;
				CLANG_WARN_OBJC_LITERAL_CONVERSION = YES;
				CLANG_WARN_OBJC_ROOT_CLASS = YES_ERROR;
				CLANG_WARN_RANGE_LOOP_ANALYSIS = YES;
				CLANG_WARN_STRICT_PROTOTYPES = YES;
				CLANG_WARN_SUSPICIOUS_MOVE = YES;
				CLANG_WARN_UNGUARDED_AVAILABILITY = YES_AGGRESSIVE;
				CLANG_WARN_UNREACHABLE_CODE = YES;
				CLANG_WARN__DUPLICATE_METHOD_MATCH = YES;
				COPY_PHASE_STRIP = NO;
				DEBUG_INFORMATION_FORMAT = dwarf;
				ENABLE_STRICT_OBJC_MSGSEND = YES;
				ENABLE_TESTABILITY = YES;
				GCC_C_LANGUAGE_STANDARD = gnu11;
				GCC_DYNAMIC_NO_PIC = NO;
				GCC_NO_COMMON_BLOCKS = YES;
				GCC_OPTIMIZATION_LEVEL = 0;
				GCC_PREPROCESSOR_DEFINITIONS = (
					"DEBUG=1",
					"$(inherited)",
				);
				GCC_WARN_64_TO_32_BIT_CONVERSION = YES;
				GCC_WARN_ABOUT_RETURN_TYPE = YES_ERROR;
				GCC_WARN_UNDECLARED_SELECTOR = YES;
				GCC_WARN_UNINITIALIZED_AUTOS = YES_AGGRESSIVE;
				GCC_WARN_UNUSED_FUNCTION = YES;
				GCC_WARN_UNUSED_VARIABLE = YES;
				IPHONEOS_DEPLOYMENT_TARGET = 13.5;
				MTL_ENABLE_DEBUG_INFO = INCLUDE_SOURCE;
				MTL_FAST_MATH = YES;
				ONLY_ACTIVE_ARCH = YES;
				SDKROOT = iphoneos;
				SWIFT_ACTIVE_COMPILATION_CONDITIONS = DEBUG;
				SWIFT_OPTIMIZATION_LEVEL = "-Onone";
			};
			name = Debug;
		};
		90B5B52C249AD7FD00342216 /* Release */ = {
			isa = XCBuildConfiguration;
			buildSettings = {
				ALWAYS_SEARCH_USER_PATHS = NO;
				CLANG_ANALYZER_NONNULL = YES;
				CLANG_ANALYZER_NUMBER_OBJECT_CONVERSION = YES_AGGRESSIVE;
				CLANG_CXX_LANGUAGE_STANDARD = "gnu++14";
				CLANG_CXX_LIBRARY = "libc++";
				CLANG_ENABLE_MODULES = YES;
				CLANG_ENABLE_OBJC_ARC = YES;
				CLANG_ENABLE_OBJC_WEAK = YES;
				CLANG_WARN_BLOCK_CAPTURE_AUTORELEASING = YES;
				CLANG_WARN_BOOL_CONVERSION = YES;
				CLANG_WARN_COMMA = YES;
				CLANG_WARN_CONSTANT_CONVERSION = YES;
				CLANG_WARN_DEPRECATED_OBJC_IMPLEMENTATIONS = YES;
				CLANG_WARN_DIRECT_OBJC_ISA_USAGE = YES_ERROR;
				CLANG_WARN_DOCUMENTATION_COMMENTS = YES;
				CLANG_WARN_EMPTY_BODY = YES;
				CLANG_WARN_ENUM_CONVERSION = YES;
				CLANG_WARN_INFINITE_RECURSION = YES;
				CLANG_WARN_INT_CONVERSION = YES;
				CLANG_WARN_NON_LITERAL_NULL_CONVERSION = YES;
				CLANG_WARN_OBJC_IMPLICIT_RETAIN_SELF = YES;
				CLANG_WARN_OBJC_LITERAL_CONVERSION = YES;
				CLANG_WARN_OBJC_ROOT_CLASS = YES_ERROR;
				CLANG_WARN_RANGE_LOOP_ANALYSIS = YES;
				CLANG_WARN_STRICT_PROTOTYPES = YES;
				CLANG_WARN_SUSPICIOUS_MOVE = YES;
				CLANG_WARN_UNGUARDED_AVAILABILITY = YES_AGGRESSIVE;
				CLANG_WARN_UNREACHABLE_CODE = YES;
				CLANG_WARN__DUPLICATE_METHOD_MATCH = YES;
				COPY_PHASE_STRIP = NO;
				DEBUG_INFORMATION_FORMAT = "dwarf-with-dsym";
				ENABLE_NS_ASSERTIONS = NO;
				ENABLE_STRICT_OBJC_MSGSEND = YES;
				GCC_C_LANGUAGE_STANDARD = gnu11;
				GCC_NO_COMMON_BLOCKS = YES;
				GCC_WARN_64_TO_32_BIT_CONVERSION = YES;
				GCC_WARN_ABOUT_RETURN_TYPE = YES_ERROR;
				GCC_WARN_UNDECLARED_SELECTOR = YES;
				GCC_WARN_UNINITIALIZED_AUTOS = YES_AGGRESSIVE;
				GCC_WARN_UNUSED_FUNCTION = YES;
				GCC_WARN_UNUSED_VARIABLE = YES;
				IPHONEOS_DEPLOYMENT_TARGET = 13.5;
				MTL_ENABLE_DEBUG_INFO = NO;
				MTL_FAST_MATH = YES;
				SDKROOT = iphoneos;
				SWIFT_COMPILATION_MODE = wholemodule;
				SWIFT_OPTIMIZATION_LEVEL = "-O";
				VALIDATE_PRODUCT = YES;
			};
			name = Release;
		};
		90B5B52E249AD7FD00342216 /* Debug */ = {
			isa = XCBuildConfiguration;
			baseConfigurationReference = DE8413250F7F8270DC39982B /* Pods-Prop.debug.xcconfig */;
			buildSettings = {
				ASSETCATALOG_COMPILER_APPICON_NAME = AppIcon;
				CODE_SIGN_ENTITLEMENTS = Prop/Prop.entitlements;
				CODE_SIGN_STYLE = Automatic;
				CURRENT_PROJECT_VERSION = 2;
				DEVELOPMENT_ASSET_PATHS = "\"Prop/Preview Content\"";
				DEVELOPMENT_TEAM = EP9GA36X8K;
				ENABLE_PREVIEWS = YES;
				INFOPLIST_FILE = Prop/Info.plist;
				LD_RUNPATH_SEARCH_PATHS = (
					"$(inherited)",
					"@executable_path/Frameworks",
				);
				PRODUCT_BUNDLE_IDENTIFIER = com.nomadjonno.Prop;
				PRODUCT_NAME = "$(TARGET_NAME)";
				SWIFT_VERSION = 5.0;
				TARGETED_DEVICE_FAMILY = "1,2";
			};
			name = Debug;
		};
		90B5B52F249AD7FD00342216 /* Release */ = {
			isa = XCBuildConfiguration;
			baseConfigurationReference = 49B20A0A2E63E0EF67793A5D /* Pods-Prop.release.xcconfig */;
			buildSettings = {
				ASSETCATALOG_COMPILER_APPICON_NAME = AppIcon;
				CODE_SIGN_ENTITLEMENTS = Prop/Prop.entitlements;
				CODE_SIGN_STYLE = Automatic;
				CURRENT_PROJECT_VERSION = 2;
				DEVELOPMENT_ASSET_PATHS = "\"Prop/Preview Content\"";
				DEVELOPMENT_TEAM = EP9GA36X8K;
				ENABLE_PREVIEWS = YES;
				INFOPLIST_FILE = Prop/Info.plist;
				LD_RUNPATH_SEARCH_PATHS = (
					"$(inherited)",
					"@executable_path/Frameworks",
				);
				PRODUCT_BUNDLE_IDENTIFIER = com.nomadjonno.Prop;
				PRODUCT_NAME = "$(TARGET_NAME)";
				SWIFT_VERSION = 5.0;
				TARGETED_DEVICE_FAMILY = "1,2";
			};
			name = Release;
		};
/* End XCBuildConfiguration section */

/* Begin XCConfigurationList section */
		90B5B514249AD7FC00342216 /* Build configuration list for PBXProject "Prop" */ = {
			isa = XCConfigurationList;
			buildConfigurations = (
				90B5B52B249AD7FD00342216 /* Debug */,
				90B5B52C249AD7FD00342216 /* Release */,
			);
			defaultConfigurationIsVisible = 0;
			defaultConfigurationName = Release;
		};
		90B5B52D249AD7FD00342216 /* Build configuration list for PBXNativeTarget "Prop" */ = {
			isa = XCConfigurationList;
			buildConfigurations = (
				90B5B52E249AD7FD00342216 /* Debug */,
				90B5B52F249AD7FD00342216 /* Release */,
			);
			defaultConfigurationIsVisible = 0;
			defaultConfigurationName = Release;
		};
/* End XCConfigurationList section */

/* Begin XCRemoteSwiftPackageReference section */
		90215F32249B268300082D45 /* XCRemoteSwiftPackageReference "lottie-ios" */ = {
			isa = XCRemoteSwiftPackageReference;
			repositoryURL = "https://github.com/airbnb/lottie-ios.git";
			requirement = {
				kind = upToNextMajorVersion;
				minimumVersion = 3.1.8;
			};
		};
/* End XCRemoteSwiftPackageReference section */

/* Begin XCSwiftPackageProductDependency section */
		90215F33249B268300082D45 /* Lottie */ = {
			isa = XCSwiftPackageProductDependency;
			package = 90215F32249B268300082D45 /* XCRemoteSwiftPackageReference "lottie-ios" */;
			productName = Lottie;
		};
/* End XCSwiftPackageProductDependency section */
	};
	rootObject = 90B5B511249AD7FC00342216 /* Project object */;
}
